
Microsoft Visual Studio Solution File, Format Version 12.00
# Visual Studio Version 17
VisualStudioVersion = 17.11.35312.102
MinimumVisualStudioVersion = 10.0.40219.1
Project("{9A19103F-16F7-4668-BE54-9A1E7A4F7556}") = "ProjectManagement", "ProjectManagement\ProjectManagement.csproj", "{D33DDB0A-EFFB-4657-831F-F651F895E3E5}"
EndProject
Global
	GlobalSection(SolutionConfigurationPlatforms) = preSolution
		Debug|Any CPU = Debug|Any CPU
		Release|Any CPU = Release|Any CPU
	EndGlobalSection
	GlobalSection(ProjectConfigurationPlatforms) = postSolution
		{D33DDB0A-EFFB-4657-831F-F651F895E3E5}.Debug|Any CPU.ActiveCfg = Debug|Any CPU
		{D33DDB0A-EFFB-4657-831F-F651F895E3E5}.Debug|Any CPU.Build.0 = Debug|Any CPU
		{D33DDB0A-EFFB-4657-831F-F651F895E3E5}.Release|Any CPU.ActiveCfg = Release|Any CPU
		{D33DDB0A-EFFB-4657-831F-F651F895E3E5}.Release|Any CPU.Build.0 = Release|Any CPU
	EndGlobalSection
	GlobalSection(SolutionProperties) = preSolution
		HideSolutionNode = FALSE
	EndGlobalSection
	GlobalSection(ExtensibilityGlobals) = postSolution
		SolutionGuid = {043F1867-F878-4E43-8FB5-9984C3387536}
	EndGlobalSection
EndGlobal
